
Microsoft Visual Studio Solution File, Format Version 12.00
Project("{FAE04EC0-301F-11D3-BF4B-00C04F79EFBC}") = "Google.Cloud.SpannerLib", "Google.Cloud.SpannerLib\Google.Cloud.SpannerLib.csproj", "{F2E2ED84-6D2B-4063-9E25-B0D0E85F0707}"
EndProject
Project("{FAE04EC0-301F-11D3-BF4B-00C04F79EFBC}") = "Google.Cloud.SpannerLib.Tests", "Google.Cloud.SpannerLib.Tests\Google.Cloud.SpannerLib.Tests.csproj", "{A5330A7C-2DE8-42A0-A13E-D780EECA72CE}"
EndProject
Project("{FAE04EC0-301F-11D3-BF4B-00C04F79EFBC}") = "Google.Cloud.SpannerLib.Native", "Google.Cloud.SpannerLib.Native\Google.Cloud.SpannerLib.Native.csproj", "{76643D31-564F-48C0-8D94-5128657E83D8}"
EndProject
Project("{FAE04EC0-301F-11D3-BF4B-00C04F79EFBC}") = "Google.Cloud.SpannerLib.Grpc", "Google.Cloud.SpannerLib.Grpc\Google.Cloud.SpannerLib.Grpc.csproj", "{9B923838-25CB-461C-9C4F-DAE8F9B942C4}"
EndProject
Project("{FAE04EC0-301F-11D3-BF4B-00C04F79EFBC}") = "Google.Cloud.SpannerLib.GrpcTests", "Google.Cloud.SpannerLib.GrpcTests\Google.Cloud.SpannerLib.GrpcTests.csproj", "{66009437-7B8F-4D10-AC0B-B431AA75CFC5}"
EndProject
Project("{FAE04EC0-301F-11D3-BF4B-00C04F79EFBC}") = "Google.Cloud.SpannerLib.MockServer", "Google.Cloud.SpannerLib.MockServer\Google.Cloud.SpannerLib.MockServer.csproj", "{5849B966-3EF8-4D8F-A514-27ED8A070B3A}"
EndProject
Global
	GlobalSection(SolutionConfigurationPlatforms) = preSolution
		Debug|Any CPU = Debug|Any CPU
		Release|Any CPU = Release|Any CPU
	EndGlobalSection
	GlobalSection(ProjectConfigurationPlatforms) = postSolution
		{F2E2ED84-6D2B-4063-9E25-B0D0E85F0707}.Debug|Any CPU.ActiveCfg = Debug|Any CPU
		{F2E2ED84-6D2B-4063-9E25-B0D0E85F0707}.Debug|Any CPU.Build.0 = Debug|Any CPU
		{F2E2ED84-6D2B-4063-9E25-B0D0E85F0707}.Release|Any CPU.ActiveCfg = Release|Any CPU
		{F2E2ED84-6D2B-4063-9E25-B0D0E85F0707}.Release|Any CPU.Build.0 = Release|Any CPU
		{A5330A7C-2DE8-42A0-A13E-D780EECA72CE}.Debug|Any CPU.ActiveCfg = Debug|Any CPU
		{A5330A7C-2DE8-42A0-A13E-D780EECA72CE}.Debug|Any CPU.Build.0 = Debug|Any CPU
		{A5330A7C-2DE8-42A0-A13E-D780EECA72CE}.Release|Any CPU.ActiveCfg = Release|Any CPU
		{A5330A7C-2DE8-42A0-A13E-D780EECA72CE}.Release|Any CPU.Build.0 = Release|Any CPU
		{76643D31-564F-48C0-8D94-5128657E83D8}.Debug|Any CPU.ActiveCfg = Debug|Any CPU
		{76643D31-564F-48C0-8D94-5128657E83D8}.Debug|Any CPU.Build.0 = Debug|Any CPU
		{76643D31-564F-48C0-8D94-5128657E83D8}.Release|Any CPU.ActiveCfg = Release|Any CPU
		{76643D31-564F-48C0-8D94-5128657E83D8}.Release|Any CPU.Build.0 = Release|Any CPU
		{9B923838-25CB-461C-9C4F-DAE8F9B942C4}.Debug|Any CPU.ActiveCfg = Debug|Any CPU
		{9B923838-25CB-461C-9C4F-DAE8F9B942C4}.Debug|Any CPU.Build.0 = Debug|Any CPU
		{9B923838-25CB-461C-9C4F-DAE8F9B942C4}.Release|Any CPU.ActiveCfg = Release|Any CPU
		{9B923838-25CB-461C-9C4F-DAE8F9B942C4}.Release|Any CPU.Build.0 = Release|Any CPU
		{66009437-7B8F-4D10-AC0B-B431AA75CFC5}.Debug|Any CPU.ActiveCfg = Debug|Any CPU
		{66009437-7B8F-4D10-AC0B-B431AA75CFC5}.Debug|Any CPU.Build.0 = Debug|Any CPU
		{66009437-7B8F-4D10-AC0B-B431AA75CFC5}.Release|Any CPU.ActiveCfg = Release|Any CPU
		{66009437-7B8F-4D10-AC0B-B431AA75CFC5}.Release|Any CPU.Build.0 = Release|Any CPU
		{5849B966-3EF8-4D8F-A514-27ED8A070B3A}.Debug|Any CPU.ActiveCfg = Debug|Any CPU
		{5849B966-3EF8-4D8F-A514-27ED8A070B3A}.Debug|Any CPU.Build.0 = Debug|Any CPU
		{5849B966-3EF8-4D8F-A514-27ED8A070B3A}.Release|Any CPU.ActiveCfg = Release|Any CPU
		{5849B966-3EF8-4D8F-A514-27ED8A070B3A}.Release|Any CPU.Build.0 = Release|Any CPU
	EndGlobalSection
EndGlobal
